
Microsoft Visual Studio Solution File, Format Version 12.00
Project("{FAE04EC0-301F-11D3-BF4B-00C04F79EFBC}") = "ConnectN", "ConnectN.csproj", "{5613B901-F73A-48A4-A892-10C02B79AB62}"
EndProject
Global
	GlobalSection(SolutionConfigurationPlatforms) = preSolution
		Debug|Any CPU = Debug|Any CPU
		Release|Any CPU = Release|Any CPU
	EndGlobalSection
	GlobalSection(ProjectConfigurationPlatforms) = postSolution
		{5613B901-F73A-48A4-A892-10C02B79AB62}.Debug|Any CPU.ActiveCfg = Debug|Any CPU
		{5613B901-F73A-48A4-A892-10C02B79AB62}.Debug|Any CPU.Build.0 = Debug|Any CPU
		{5613B901-F73A-48A4-A892-10C02B79AB62}.Release|Any CPU.ActiveCfg = Release|Any CPU
		{5613B901-F73A-48A4-A892-10C02B79AB62}.Release|Any CPU.Build.0 = Release|Any CPU
	EndGlobalSection
EndGlobal
